
Microsoft Visual Studio Solution File, Format Version 12.00
# Visual Studio Version 17
VisualStudioVersion = 17.3.32901.215
MinimumVisualStudioVersion = 10.0.40219.1
Project("{9A19103F-16F7-4668-BE54-9A1E7A4F7556}") = "DealerMVC", "DealerMVC.csproj", "{3C5F8203-362C-4CC6-A1E6-2D8E87645A95}"
EndProject
Global
	GlobalSection(SolutionConfigurationPlatforms) = preSolution
		Debug|Any CPU = Debug|Any CPU
		Release|Any CPU = Release|Any CPU
	EndGlobalSection
	GlobalSection(ProjectConfigurationPlatforms) = postSolution
		{3C5F8203-362C-4CC6-A1E6-2D8E87645A95}.Debug|Any CPU.ActiveCfg = Debug|Any CPU
		{3C5F8203-362C-4CC6-A1E6-2D8E87645A95}.Debug|Any CPU.Build.0 = Debug|Any CPU
		{3C5F8203-362C-4CC6-A1E6-2D8E87645A95}.Release|Any CPU.ActiveCfg = Release|Any CPU
		{3C5F8203-362C-4CC6-A1E6-2D8E87645A95}.Release|Any CPU.Build.0 = Release|Any CPU
	EndGlobalSection
	GlobalSection(SolutionProperties) = preSolution
		HideSolutionNode = FALSE
	EndGlobalSection
	GlobalSection(ExtensibilityGlobals) = postSolution
		SolutionGuid = {3E3D287F-8FAF-4AF4-9358-9A9167EF56AF}
	EndGlobalSection
EndGlobal
